
Microsoft Visual Studio Solution File, Format Version 12.00
# Visual Studio Version 17
VisualStudioVersion = 17.14.36301.6 d17.14
MinimumVisualStudioVersion = 10.0.40219.1
Project("{FAE04EC0-301F-11D3-BF4B-00C04F79EFBC}") = "Quizzy", "Quizzy\Quizzy.csproj", "{5873BD16-578A-4596-A14C-8EDFAD263DD3}"
EndProject
Global
	GlobalSection(SolutionConfigurationPlatforms) = preSolution
		Debug|Any CPU = Debug|Any CPU
		Release|Any CPU = Release|Any CPU
	EndGlobalSection
	GlobalSection(ProjectConfigurationPlatforms) = postSolution
		{5873BD16-578A-4596-A14C-8EDFAD263DD3}.Debug|Any CPU.ActiveCfg = Debug|Any CPU
		{5873BD16-578A-4596-A14C-8EDFAD263DD3}.Debug|Any CPU.Build.0 = Debug|Any CPU
		{5873BD16-578A-4596-A14C-8EDFAD263DD3}.Release|Any CPU.ActiveCfg = Release|Any CPU
		{5873BD16-578A-4596-A14C-8EDFAD263DD3}.Release|Any CPU.Build.0 = Release|Any CPU
	EndGlobalSection
	GlobalSection(SolutionProperties) = preSolution
		HideSolutionNode = FALSE
	EndGlobalSection
	GlobalSection(ExtensibilityGlobals) = postSolution
		SolutionGuid = {74225B70-C079-427F-AE13-739434490D4F}
	EndGlobalSection
EndGlobal
